
Microsoft Visual Studio Solution File, Format Version 12.00
# Visual Studio Version 17
VisualStudioVersion = 17.13.35931.197
MinimumVisualStudioVersion = 10.0.40219.1
Project("{FAE04EC0-301F-11D3-BF4B-00C04F79EFBC}") = "TrabalhoItegrador", "TrabalhoItegrador\TrabalhoItegrador.csproj", "{506CB157-3BCA-4949-80E2-1498D6CDECEB}"
EndProject
Global
	GlobalSection(SolutionConfigurationPlatforms) = preSolution
		Debug|Any CPU = Debug|Any CPU
		Release|Any CPU = Release|Any CPU
	EndGlobalSection
	GlobalSection(ProjectConfigurationPlatforms) = postSolution
		{506CB157-3BCA-4949-80E2-1498D6CDECEB}.Debug|Any CPU.ActiveCfg = Debug|Any CPU
		{506CB157-3BCA-4949-80E2-1498D6CDECEB}.Debug|Any CPU.Build.0 = Debug|Any CPU
		{506CB157-3BCA-4949-80E2-1498D6CDECEB}.Release|Any CPU.ActiveCfg = Release|Any CPU
		{506CB157-3BCA-4949-80E2-1498D6CDECEB}.Release|Any CPU.Build.0 = Release|Any CPU
	EndGlobalSection
	GlobalSection(SolutionProperties) = preSolution
		HideSolutionNode = FALSE
	EndGlobalSection
	GlobalSection(ExtensibilityGlobals) = postSolution
		SolutionGuid = {3E7AA628-C0AE-468B-8622-7246C43606B3}
	EndGlobalSection
EndGlobal
